
Microsoft Visual Studio Solution File, Format Version 12.00
# Visual Studio Version 16
VisualStudioVersion = 16.0.30804.86
MinimumVisualStudioVersion = 10.0.40219.1
Project("{FAE04EC0-301F-11D3-BF4B-00C04F79EFBC}") = "Project 05 Random Numbers Generator", "Project 05 Random Numbers Generator.csproj", "{432D5451-BFB9-4D82-8E2F-64ED3313D53D}"
EndProject
Global
	GlobalSection(SolutionConfigurationPlatforms) = preSolution
		Debug|Any CPU = Debug|Any CPU
		Release|Any CPU = Release|Any CPU
	EndGlobalSection
	GlobalSection(ProjectConfigurationPlatforms) = postSolution
		{432D5451-BFB9-4D82-8E2F-64ED3313D53D}.Debug|Any CPU.ActiveCfg = Debug|Any CPU
		{432D5451-BFB9-4D82-8E2F-64ED3313D53D}.Debug|Any CPU.Build.0 = Debug|Any CPU
		{432D5451-BFB9-4D82-8E2F-64ED3313D53D}.Release|Any CPU.ActiveCfg = Release|Any CPU
		{432D5451-BFB9-4D82-8E2F-64ED3313D53D}.Release|Any CPU.Build.0 = Release|Any CPU
	EndGlobalSection
	GlobalSection(SolutionProperties) = preSolution
		HideSolutionNode = FALSE
	EndGlobalSection
	GlobalSection(ExtensibilityGlobals) = postSolution
		SolutionGuid = {7C251EB0-A643-4000-A2A6-FB65B99D5BD8}
	EndGlobalSection
EndGlobal
